
Microsoft Visual Studio Solution File, Format Version 12.00
# Visual Studio Version 17
VisualStudioVersion = 17.13.35913.81 d17.13
MinimumVisualStudioVersion = 10.0.40219.1
Project("{FAE04EC0-301F-11D3-BF4B-00C04F79EFBC}") = "IMDB_Project", "IMDB_Project\IMDB_Project.csproj", "{B1720C5C-4E3D-489D-88B1-504005401BCE}"
EndProject
Global
	GlobalSection(SolutionConfigurationPlatforms) = preSolution
		Debug|Any CPU = Debug|Any CPU
		Release|Any CPU = Release|Any CPU
	EndGlobalSection
	GlobalSection(ProjectConfigurationPlatforms) = postSolution
		{B1720C5C-4E3D-489D-88B1-504005401BCE}.Debug|Any CPU.ActiveCfg = Debug|Any CPU
		{B1720C5C-4E3D-489D-88B1-504005401BCE}.Debug|Any CPU.Build.0 = Debug|Any CPU
		{B1720C5C-4E3D-489D-88B1-504005401BCE}.Release|Any CPU.ActiveCfg = Release|Any CPU
		{B1720C5C-4E3D-489D-88B1-504005401BCE}.Release|Any CPU.Build.0 = Release|Any CPU
	EndGlobalSection
	GlobalSection(SolutionProperties) = preSolution
		HideSolutionNode = FALSE
	EndGlobalSection
	GlobalSection(ExtensibilityGlobals) = postSolution
		SolutionGuid = {A5004F61-EEB6-473D-8873-B2D75D9B0248}
	EndGlobalSection
EndGlobal
